// !$*UTF8*$!
{
	archiveVersion = 1;
	classes = {
	};
	objectVersion = 46;
	objects = {

/* Begin PBXBuildFile section */
		AB5B8C2E1AB36CB3001C7751 /* PlaybackViewController.swift in Sources */ = {isa = PBXBuildFile; fileRef = AB5B8C2D1AB36CB3001C7751 /* PlaybackViewController.swift */; };
		AB857CB71AB268A1007F44BA /* AppDelegate.swift in Sources */ = {isa = PBXBuildFile; fileRef = AB857CB61AB268A1007F44BA /* AppDelegate.swift */; };
		AB857CB91AB268A1007F44BA /* RecordViewController.swift in Sources */ = {isa = PBXBuildFile; fileRef = AB857CB81AB268A1007F44BA /* RecordViewController.swift */; };
		AB857CBC1AB268A1007F44BA /* Main.storyboard in Resources */ = {isa = PBXBuildFile; fileRef = AB857CBA1AB268A1007F44BA /* Main.storyboard */; };
		AB857CBE1AB268A1007F44BA /* Images.xcassets in Resources */ = {isa = PBXBuildFile; fileRef = AB857CBD1AB268A1007F44BA /* Images.xcassets */; };
		AB86C8FF1AB654630015DFC7 /* SiriWaveformView.swift in Sources */ = {isa = PBXBuildFile; fileRef = AB86C8FE1AB654630015DFC7 /* SiriWaveformView.swift */; };
		ABAFFFEA1ABDF72E007C235B /* FilesTableViewController.swift in Sources */ = {isa = PBXBuildFile; fileRef = ABAFFFE91ABDF72E007C235B /* FilesTableViewController.swift */; };
		ABBCCC631CA43BBF003275F2 /* Launch Screen.storyboard in Resources */ = {isa = PBXBuildFile; fileRef = ABBCCC621CA43BBF003275F2 /* Launch Screen.storyboard */; };
		ABBF5DBA1AB380CF007F0C8E /* RecordedAudio.swift in Sources */ = {isa = PBXBuildFile; fileRef = ABBF5DB91AB380CF007F0C8E /* RecordedAudio.swift */; };
/* End PBXBuildFile section */

/* Begin PBXFileReference section */
		AB5B8C2D1AB36CB3001C7751 /* PlaybackViewController.swift */ = {isa = PBXFileReference; fileEncoding = 4; lastKnownFileType = sourcecode.swift; path = PlaybackViewController.swift; sourceTree = "<group>"; };
		AB857CB11AB268A1007F44BA /* Talkboy.app */ = {isa = PBXFileReference; explicitFileType = wrapper.application; includeInIndex = 0; path = Talkboy.app; sourceTree = BUILT_PRODUCTS_DIR; };
		AB857CB51AB268A1007F44BA /* Info.plist */ = {isa = PBXFileReference; lastKnownFileType = text.plist.xml; path = Info.plist; sourceTree = "<group>"; };
		AB857CB61AB268A1007F44BA /* AppDelegate.swift */ = {isa = PBXFileReference; lastKnownFileType = sourcecode.swift; path = AppDelegate.swift; sourceTree = "<group>"; };
		AB857CB81AB268A1007F44BA /* RecordViewController.swift */ = {isa = PBXFileReference; lastKnownFileType = sourcecode.swift; path = RecordViewController.swift; sourceTree = "<group>"; };
		AB857CBB1AB268A1007F44BA /* Base */ = {isa = PBXFileReference; lastKnownFileType = file.storyboard; name = Base; path = Base.lproj/Main.storyboard; sourceTree = "<group>"; };
		AB857CBD1AB268A1007F44BA /* Images.xcassets */ = {isa = PBXFileReference; lastKnownFileType = folder.assetcatalog; path = Images.xcassets; sourceTree = "<group>"; };
		AB86C8FE1AB654630015DFC7 /* SiriWaveformView.swift */ = {isa = PBXFileReference; fileEncoding = 4; lastKnownFileType = sourcecode.swift; path = SiriWaveformView.swift; sourceTree = "<group>"; };
		ABAFFFE91ABDF72E007C235B /* FilesTableViewController.swift */ = {isa = PBXFileReference; fileEncoding = 4; lastKnownFileType = sourcecode.swift; path = FilesTableViewController.swift; sourceTree = "<group>"; };
		ABBCCC621CA43BBF003275F2 /* Launch Screen.storyboard */ = {isa = PBXFileReference; fileEncoding = 4; lastKnownFileType = file.storyboard; path = "Launch Screen.storyboard"; sourceTree = "<group>"; };
		ABBF5DB91AB380CF007F0C8E /* RecordedAudio.swift */ = {isa = PBXFileReference; fileEncoding = 4; lastKnownFileType = sourcecode.swift; path = RecordedAudio.swift; sourceTree = "<group>"; };
/* End PBXFileReference section */

/* Begin PBXFrameworksBuildPhase section */
		AB857CAE1AB268A1007F44BA /* Frameworks */ = {
			isa = PBXFrameworksBuildPhase;
			buildActionMask = 2147483647;
			files = (
			);
			runOnlyForDeploymentPostprocessing = 0;
		};
/* End PBXFrameworksBuildPhase section */

/* Begin PBXGroup section */
		AB857CA81AB268A1007F44BA = {
			isa = PBXGroup;
			children = (
				AB857CB31AB268A1007F44BA /* Talkboy */,
				AB857CB21AB268A1007F44BA /* Products */,
			);
			sourceTree = "<group>";
		};
		AB857CB21AB268A1007F44BA /* Products */ = {
			isa = PBXGroup;
			children = (
				AB857CB11AB268A1007F44BA /* Talkboy.app */,
			);
			name = Products;
			sourceTree = "<group>";
		};
		AB857CB31AB268A1007F44BA /* Talkboy */ = {
			isa = PBXGroup;
			children = (
				ABBF5DB91AB380CF007F0C8E /* RecordedAudio.swift */,
				AB857CB81AB268A1007F44BA /* RecordViewController.swift */,
				AB5B8C2D1AB36CB3001C7751 /* PlaybackViewController.swift */,
				ABAFFFE91ABDF72E007C235B /* FilesTableViewController.swift */,
				AB86C8FE1AB654630015DFC7 /* SiriWaveformView.swift */,
				AB857CBA1AB268A1007F44BA /* Main.storyboard */,
				AB857CB41AB268A1007F44BA /* Supporting Files */,
			);
			path = Talkboy;
			sourceTree = "<group>";
		};
		AB857CB41AB268A1007F44BA /* Supporting Files */ = {
			isa = PBXGroup;
			children = (
				AB857CB61AB268A1007F44BA /* AppDelegate.swift */,
				ABBCCC621CA43BBF003275F2 /* Launch Screen.storyboard */,
				AB857CBD1AB268A1007F44BA /* Images.xcassets */,
				AB857CB51AB268A1007F44BA /* Info.plist */,
			);
			name = "Supporting Files";
			sourceTree = "<group>";
		};
/* End PBXGroup section */

/* Begin PBXNativeTarget section */
		AB857CB01AB268A1007F44BA /* Talkboy */ = {
			isa = PBXNativeTarget;
			buildConfigurationList = AB857CD01AB268A1007F44BA /* Build configuration list for PBXNativeTarget "Talkboy" */;
			buildPhases = (
				AB857CAD1AB268A1007F44BA /* Sources */,
				AB857CAE1AB268A1007F44BA /* Frameworks */,
				AB857CAF1AB268A1007F44BA /* Resources */,
			);
			buildRules = (
			);
			dependencies = (
			);
			name = Talkboy;
			productName = Talkboy;
			productReference = AB857CB11AB268A1007F44BA /* Talkboy.app */;
			productType = "com.apple.product-type.application";
		};
/* End PBXNativeTarget section */

/* Begin PBXProject section */
		AB857CA91AB268A1007F44BA /* Project object */ = {
			isa = PBXProject;
			attributes = {
				LastSwiftUpdateCheck = 0730;
				LastUpgradeCheck = 0730;
				ORGANIZATIONNAME = "Jonathan Underwood";
				TargetAttributes = {
					AB857CB01AB268A1007F44BA = {
						CreatedOnToolsVersion = 6.2;
					};
				};
			};
			buildConfigurationList = AB857CAC1AB268A1007F44BA /* Build configuration list for PBXProject "Talkboy" */;
			compatibilityVersion = "Xcode 3.2";
			developmentRegion = English;
			hasScannedForEncodings = 0;
			knownRegions = (
				en,
				Base,
			);
			mainGroup = AB857CA81AB268A1007F44BA;
			productRefGroup = AB857CB21AB268A1007F44BA /* Products */;
			projectDirPath = "";
			projectRoot = "";
			targets = (
				AB857CB01AB268A1007F44BA /* Talkboy */,
			);
		};
/* End PBXProject section */

/* Begin PBXResourcesBuildPhase section */
		AB857CAF1AB268A1007F44BA /* Resources */ = {
			isa = PBXResourcesBuildPhase;
			buildActionMask = 2147483647;
			files = (
				ABBCCC631CA43BBF003275F2 /* Launch Screen.storyboard in Resources */,
				AB857CBC1AB268A1007F44BA /* Main.storyboard in Resources */,
				AB857CBE1AB268A1007F44BA /* Images.xcassets in Resources */,
			);
			runOnlyForDeploymentPostprocessing = 0;
		};
/* End PBXResourcesBuildPhase section */

/* Begin PBXSourcesBuildPhase section */
		AB857CAD1AB268A1007F44BA /* Sources */ = {
			isa = PBXSourcesBuildPhase;
			buildActionMask = 2147483647;
			files = (
				ABBF5DBA1AB380CF007F0C8E /* RecordedAudio.swift in Sources */,
				AB86C8FF1AB654630015DFC7 /* SiriWaveformView.swift in Sources */,
				AB5B8C2E1AB36CB3001C7751 /* PlaybackViewController.swift in Sources */,
				AB857CB91AB268A1007F44BA /* RecordViewController.swift in Sources */,
				AB857CB71AB268A1007F44BA /* AppDelegate.swift in Sources */,
				ABAFFFEA1ABDF72E007C235B /* FilesTableViewController.swift in Sources */,
			);
			runOnlyForDeploymentPostprocessing = 0;
		};
/* End PBXSourcesBuildPhase section */

/* Begin PBXVariantGroup section */
		AB857CBA1AB268A1007F44BA /* Main.storyboard */ = {
			isa = PBXVariantGroup;
			children = (
				AB857CBB1AB268A1007F44BA /* Base */,
			);
			name = Main.storyboard;
			sourceTree = "<group>";
		};
/* End PBXVariantGroup section */

/* Begin XCBuildConfiguration section */
		AB857CCE1AB268A1007F44BA /* Debug */ = {
			isa = XCBuildConfiguration;
			buildSettings = {
				ALWAYS_SEARCH_USER_PATHS = NO;
				CLANG_CXX_LANGUAGE_STANDARD = "gnu++0x";
				CLANG_CXX_LIBRARY = "libc++";
				CLANG_ENABLE_MODULES = YES;
				CLANG_ENABLE_OBJC_ARC = YES;
				CLANG_WARN_BOOL_CONVERSION = YES;
				CLANG_WARN_CONSTANT_CONVERSION = YES;
				CLANG_WARN_DIRECT_OBJC_ISA_USAGE = YES_ERROR;
				CLANG_WARN_EMPTY_BODY = YES;
				CLANG_WARN_ENUM_CONVERSION = YES;
				CLANG_WARN_INT_CONVERSION = YES;
				CLANG_WARN_OBJC_ROOT_CLASS = YES_ERROR;
				CLANG_WARN_UNREACHABLE_CODE = YES;
				CLANG_WARN__DUPLICATE_METHOD_MATCH = YES;
				"CODE_SIGN_IDENTITY[sdk=iphoneos*]" = "iPhone Developer";
				COPY_PHASE_STRIP = NO;
				ENABLE_STRICT_OBJC_MSGSEND = YES;
				ENABLE_TESTABILITY = YES;
				GCC_C_LANGUAGE_STANDARD = gnu99;
				GCC_DYNAMIC_NO_PIC = NO;
				GCC_OPTIMIZATION_LEVEL = 0;
				GCC_PREPROCESSOR_DEFINITIONS = (
					"DEBUG=1",
					"$(inherited)",
				);
				GCC_SYMBOLS_PRIVATE_EXTERN = NO;
				GCC_WARN_64_TO_32_BIT_CONVERSION = YES;
				GCC_WARN_ABOUT_RETURN_TYPE = YES_ERROR;
				GCC_WARN_UNDECLARED_SELECTOR = YES;
				GCC_WARN_UNINITIALIZED_AUTOS = YES_AGGRESSIVE;
				GCC_WARN_UNUSED_FUNCTION = YES;
				GCC_WARN_UNUSED_VARIABLE = YES;
				IPHONEOS_DEPLOYMENT_TARGET = 9.0;
				MTL_ENABLE_DEBUG_INFO = YES;
				ONLY_ACTIVE_ARCH = YES;
				SDKROOT = iphoneos;
				SWIFT_OPTIMIZATION_LEVEL = "-Onone";
				TARGETED_DEVICE_FAMILY = "1,2";
			};
			name = Debug;
		};
		AB857CCF1AB268A1007F44BA /* Release */ = {
			isa = XCBuildConfiguration;
			buildSettings = {
				ALWAYS_SEARCH_USER_PATHS = NO;
				CLANG_CXX_LANGUAGE_STANDARD = "gnu++0x";
				CLANG_CXX_LIBRARY = "libc++";
				CLANG_ENABLE_MODULES = YES;
				CLANG_ENABLE_OBJC_ARC = YES;
				CLANG_WARN_BOOL_CONVERSION = YES;
				CLANG_WARN_CONSTANT_CONVERSION = YES;
				CLANG_WARN_DIRECT_OBJC_ISA_USAGE = YES_ERROR;
				CLANG_WARN_EMPTY_BODY = YES;
				CLANG_WARN_ENUM_CONVERSION = YES;
				CLANG_WARN_INT_CONVERSION = YES;
				CLANG_WARN_OBJC_ROOT_CLASS = YES_ERROR;
				CLANG_WARN_UNREACHABLE_CODE = YES;
				CLANG_WARN__DUPLICATE_METHOD_MATCH = YES;
				"CODE_SIGN_IDENTITY[sdk=iphoneos*]" = "iPhone Developer";
				COPY_PHASE_STRIP = NO;
				ENABLE_NS_ASSERTIONS = NO;
				ENABLE_STRICT_OBJC_MSGSEND = YES;
				GCC_C_LANGUAGE_STANDARD = gnu99;
				GCC_WARN_64_TO_32_BIT_CONVERSION = YES;
				GCC_WARN_ABOUT_RETURN_TYPE = YES_ERROR;
				GCC_WARN_UNDECLARED_SELECTOR = YES;
				GCC_WARN_UNINITIALIZED_AUTOS = YES_AGGRESSIVE;
				GCC_WARN_UNUSED_FUNCTION = YES;
				GCC_WARN_UNUSED_VARIABLE = YES;
				IPHONEOS_DEPLOYMENT_TARGET = 9.0;
				MTL_ENABLE_DEBUG_INFO = NO;
				SDKROOT = iphoneos;
				TARGETED_DEVICE_FAMILY = "1,2";
				VALIDATE_PRODUCT = YES;
			};
			name = Release;
		};
		AB857CD11AB268A1007F44BA /* Debug */ = {
			isa = XCBuildConfiguration;
			buildSettings = {
				ASSETCATALOG_COMPILER_APPICON_NAME = AppIcon;
				CODE_SIGN_IDENTITY = "iPhone Developer";
				INFOPLIST_FILE = Talkboy/Info.plist;
				LD_RUNPATH_SEARCH_PATHS = "$(inherited) @executable_path/Frameworks";
				PRODUCT_BUNDLE_IDENTIFIER = "com.jyunderwood.$(PRODUCT_NAME:rfc1034identifier)";
				PRODUCT_NAME = "$(TARGET_NAME)";
			};
			name = Debug;
		};
		AB857CD21AB268A1007F44BA /* Release */ = {
			isa = XCBuildConfiguration;
			buildSettings = {
				ASSETCATALOG_COMPILER_APPICON_NAME = AppIcon;
				CODE_SIGN_IDENTITY = "iPhone Developer";
				INFOPLIST_FILE = Talkboy/Info.plist;
				LD_RUNPATH_SEARCH_PATHS = "$(inherited) @executable_path/Frameworks";
				PRODUCT_BUNDLE_IDENTIFIER = "com.jyunderwood.$(PRODUCT_NAME:rfc1034identifier)";
				PRODUCT_NAME = "$(TARGET_NAME)";
			};
			name = Release;
		};
/* End XCBuildConfiguration section */

/* Begin XCConfigurationList section */
		AB857CAC1AB268A1007F44BA /* Build configuration list for PBXProject "Talkboy" */ = {
			isa = XCConfigurationList;
			buildConfigurations = (
				AB857CCE1AB268A1007F44BA /* Debug */,
				AB857CCF1AB268A1007F44BA /* Release */,
			);
			defaultConfigurationIsVisible = 0;
			defaultConfigurationName = Release;
		};
		AB857CD01AB268A1007F44BA /* Build configuration list for PBXNativeTarget "Talkboy" */ = {
			isa = XCConfigurationList;
			buildConfigurations = (
				AB857CD11AB268A1007F44BA /* Debug */,
				AB857CD21AB268A1007F44BA /* Release */,
			);
			defaultConfigurationIsVisible = 0;
			defaultConfigurationName = Release;
		};
/* End XCConfigurationList section */
	};
	rootObject = AB857CA91AB268A1007F44BA /* Project object */;
}
